
Microsoft Visual Studio Solution File, Format Version 12.00
# Visual Studio Version 17
VisualStudioVersion = 17.14.36202.13 d17.14
MinimumVisualStudioVersion = 10.0.40219.1
Project("{FAE04EC0-301F-11D3-BF4B-00C04F79EFBC}") = "1D-Arrays-1", "1D-Arrays-1.csproj", "{55634CD1-0E3B-4CD7-9FC3-8BA869FC11E8}"
EndProject
Global
	GlobalSection(SolutionConfigurationPlatforms) = preSolution
		Debug|Any CPU = Debug|Any CPU
		Release|Any CPU = Release|Any CPU
	EndGlobalSection
	GlobalSection(ProjectConfigurationPlatforms) = postSolution
		{55634CD1-0E3B-4CD7-9FC3-8BA869FC11E8}.Debug|Any CPU.ActiveCfg = Debug|Any CPU
		{55634CD1-0E3B-4CD7-9FC3-8BA869FC11E8}.Debug|Any CPU.Build.0 = Debug|Any CPU
		{55634CD1-0E3B-4CD7-9FC3-8BA869FC11E8}.Release|Any CPU.ActiveCfg = Release|Any CPU
		{55634CD1-0E3B-4CD7-9FC3-8BA869FC11E8}.Release|Any CPU.Build.0 = Release|Any CPU
	EndGlobalSection
	GlobalSection(SolutionProperties) = preSolution
		HideSolutionNode = FALSE
	EndGlobalSection
	GlobalSection(ExtensibilityGlobals) = postSolution
		SolutionGuid = {826542CB-7EF6-4F0D-BC06-515531AEEB4F}
	EndGlobalSection
EndGlobal
