
Microsoft Visual Studio Solution File, Format Version 12.00
# Visual Studio Version 17
VisualStudioVersion = 17.14.36202.13 d17.14
MinimumVisualStudioVersion = 10.0.40219.1
Project("{FAE04EC0-301F-11D3-BF4B-00C04F79EFBC}") = "1D-Arrays-2", "1D-Arrays-2.csproj", "{8B31DC8C-6A69-477D-B70B-AED8BA301407}"
EndProject
Global
	GlobalSection(SolutionConfigurationPlatforms) = preSolution
		Debug|Any CPU = Debug|Any CPU
		Release|Any CPU = Release|Any CPU
	EndGlobalSection
	GlobalSection(ProjectConfigurationPlatforms) = postSolution
		{8B31DC8C-6A69-477D-B70B-AED8BA301407}.Debug|Any CPU.ActiveCfg = Debug|Any CPU
		{8B31DC8C-6A69-477D-B70B-AED8BA301407}.Debug|Any CPU.Build.0 = Debug|Any CPU
		{8B31DC8C-6A69-477D-B70B-AED8BA301407}.Release|Any CPU.ActiveCfg = Release|Any CPU
		{8B31DC8C-6A69-477D-B70B-AED8BA301407}.Release|Any CPU.Build.0 = Release|Any CPU
	EndGlobalSection
	GlobalSection(SolutionProperties) = preSolution
		HideSolutionNode = FALSE
	EndGlobalSection
	GlobalSection(ExtensibilityGlobals) = postSolution
		SolutionGuid = {3F130A4C-F5F6-41FD-9FC7-BFC1AEB4847A}
	EndGlobalSection
EndGlobal
